# THIS IS AN AUTOGENERATED FILE. DO NOT EDIT THIS FILE DIRECTLY.
# yarn lockfile v1


"@esbuild/android-arm64@0.16.17":
  version "0.16.17"
  resolved "https://registry.yarnpkg.com/@esbuild/android-arm64/-/android-arm64-0.16.17.tgz#cf91e86df127aa3d141744edafcba0abdc577d23"
  integrity sha512-MIGl6p5sc3RDTLLkYL1MyL8BMRN4tLMRCn+yRJJmEDvYZ2M7tmAf80hx1kbNEUX2KJ50RRtxZ4JHLvCfuB6kBg==

"@esbuild/android-arm@0.16.17":
  version "0.16.17"
  resolved "https://registry.yarnpkg.com/@esbuild/android-arm/-/android-arm-0.16.17.tgz#025b6246d3f68b7bbaa97069144fb5fb70f2fff2"
  integrity sha512-N9x1CMXVhtWEAMS7pNNONyA14f71VPQN9Cnavj1XQh6T7bskqiLLrSca4O0Vr8Wdcga943eThxnVp3JLnBMYtw==

"@esbuild/android-x64@0.16.17":
  version "0.16.17"
  resolved "https://registry.yarnpkg.com/@esbuild/android-x64/-/android-x64-0.16.17.tgz#c820e0fef982f99a85c4b8bfdd582835f04cd96e"
  integrity sha512-a3kTv3m0Ghh4z1DaFEuEDfz3OLONKuFvI4Xqczqx4BqLyuFaFkuaG4j2MtA6fuWEFeC5x9IvqnX7drmRq/fyAQ==

"@esbuild/darwin-arm64@0.16.17":
  version "0.16.17"
  resolved "https://registry.yarnpkg.com/@esbuild/darwin-arm64/-/darwin-arm64-0.16.17.tgz#edef4487af6b21afabba7be5132c26d22379b220"
  integrity sha512-/2agbUEfmxWHi9ARTX6OQ/KgXnOWfsNlTeLcoV7HSuSTv63E4DqtAc+2XqGw1KHxKMHGZgbVCZge7HXWX9Vn+w==

"@esbuild/darwin-x64@0.16.17":
  version "0.16.17"
  resolved "https://registry.yarnpkg.com/@esbuild/darwin-x64/-/darwin-x64-0.16.17.tgz#42829168730071c41ef0d028d8319eea0e2904b4"
  integrity sha512-2By45OBHulkd9Svy5IOCZt376Aa2oOkiE9QWUK9fe6Tb+WDr8hXL3dpqi+DeLiMed8tVXspzsTAvd0jUl96wmg==

"@esbuild/freebsd-arm64@0.16.17":
  version "0.16.17"
  resolved "https://registry.yarnpkg.com/@esbuild/freebsd-arm64/-/freebsd-arm64-0.16.17.tgz#1f4af488bfc7e9ced04207034d398e793b570a27"
  integrity sha512-mt+cxZe1tVx489VTb4mBAOo2aKSnJ33L9fr25JXpqQqzbUIw/yzIzi+NHwAXK2qYV1lEFp4OoVeThGjUbmWmdw==

"@esbuild/freebsd-x64@0.16.17":
  version "0.16.17"
  resolved "https://registry.yarnpkg.com/@esbuild/freebsd-x64/-/freebsd-x64-0.16.17.tgz#636306f19e9bc981e06aa1d777302dad8fddaf72"
  integrity sha512-8ScTdNJl5idAKjH8zGAsN7RuWcyHG3BAvMNpKOBaqqR7EbUhhVHOqXRdL7oZvz8WNHL2pr5+eIT5c65kA6NHug==

"@esbuild/linux-arm64@0.16.17":
  version "0.16.17"
  resolved "https://registry.yarnpkg.com/@esbuild/linux-arm64/-/linux-arm64-0.16.17.tgz#a003f7ff237c501e095d4f3a09e58fc7b25a4aca"
  integrity sha512-7S8gJnSlqKGVJunnMCrXHU9Q8Q/tQIxk/xL8BqAP64wchPCTzuM6W3Ra8cIa1HIflAvDnNOt2jaL17vaW+1V0g==

"@esbuild/linux-arm@0.16.17":
  version "0.16.17"
  resolved "https://registry.yarnpkg.com/@esbuild/linux-arm/-/linux-arm-0.16.17.tgz#b591e6a59d9c4fe0eeadd4874b157ab78cf5f196"
  integrity sha512-iihzrWbD4gIT7j3caMzKb/RsFFHCwqqbrbH9SqUSRrdXkXaygSZCZg1FybsZz57Ju7N/SHEgPyaR0LZ8Zbe9gQ==

"@esbuild/linux-ia32@0.16.17":
  version "0.16.17"
  resolved "https://registry.yarnpkg.com/@esbuild/linux-ia32/-/linux-ia32-0.16.17.tgz#24333a11027ef46a18f57019450a5188918e2a54"
  integrity sha512-kiX69+wcPAdgl3Lonh1VI7MBr16nktEvOfViszBSxygRQqSpzv7BffMKRPMFwzeJGPxcio0pdD3kYQGpqQ2SSg==

"@esbuild/linux-loong64@0.16.17":
  version "0.16.17"
  resolved "https://registry.yarnpkg.com/@esbuild/linux-loong64/-/linux-loong64-0.16.17.tgz#d5ad459d41ed42bbd4d005256b31882ec52227d8"
  integrity sha512-dTzNnQwembNDhd654cA4QhbS9uDdXC3TKqMJjgOWsC0yNCbpzfWoXdZvp0mY7HU6nzk5E0zpRGGx3qoQg8T2DQ==

"@esbuild/linux-mips64el@0.16.17":
  version "0.16.17"
  resolved "https://registry.yarnpkg.com/@esbuild/linux-mips64el/-/linux-mips64el-0.16.17.tgz#4e5967a665c38360b0a8205594377d4dcf9c3726"
  integrity sha512-ezbDkp2nDl0PfIUn0CsQ30kxfcLTlcx4Foz2kYv8qdC6ia2oX5Q3E/8m6lq84Dj/6b0FrkgD582fJMIfHhJfSw==

"@esbuild/linux-ppc64@0.16.17":
  version "0.16.17"
  resolved "https://registry.yarnpkg.com/@esbuild/linux-ppc64/-/linux-ppc64-0.16.17.tgz#206443a02eb568f9fdf0b438fbd47d26e735afc8"
  integrity sha512-dzS678gYD1lJsW73zrFhDApLVdM3cUF2MvAa1D8K8KtcSKdLBPP4zZSLy6LFZ0jYqQdQ29bjAHJDgz0rVbLB3g==

"@esbuild/linux-riscv64@0.16.17":
  version "0.16.17"
  resolved "https://registry.yarnpkg.com/@esbuild/linux-riscv64/-/linux-riscv64-0.16.17.tgz#c351e433d009bf256e798ad048152c8d76da2fc9"
  integrity sha512-ylNlVsxuFjZK8DQtNUwiMskh6nT0vI7kYl/4fZgV1llP5d6+HIeL/vmmm3jpuoo8+NuXjQVZxmKuhDApK0/cKw==

"@esbuild/linux-s390x@0.16.17":
  version "0.16.17"
  resolved "https://registry.yarnpkg.com/@esbuild/linux-s390x/-/linux-s390x-0.16.17.tgz#661f271e5d59615b84b6801d1c2123ad13d9bd87"
  integrity sha512-gzy7nUTO4UA4oZ2wAMXPNBGTzZFP7mss3aKR2hH+/4UUkCOyqmjXiKpzGrY2TlEUhbbejzXVKKGazYcQTZWA/w==

"@esbuild/linux-x64@0.16.17":
  version "0.16.17"
  resolved "https://registry.yarnpkg.com/@esbuild/linux-x64/-/linux-x64-0.16.17.tgz#e4ba18e8b149a89c982351443a377c723762b85f"
  integrity sha512-mdPjPxfnmoqhgpiEArqi4egmBAMYvaObgn4poorpUaqmvzzbvqbowRllQ+ZgzGVMGKaPkqUmPDOOFQRUFDmeUw==

"@esbuild/netbsd-x64@0.16.17":
  version "0.16.17"
  resolved "https://registry.yarnpkg.com/@esbuild/netbsd-x64/-/netbsd-x64-0.16.17.tgz#7d4f4041e30c5c07dd24ffa295c73f06038ec775"
  integrity sha512-/PzmzD/zyAeTUsduZa32bn0ORug+Jd1EGGAUJvqfeixoEISYpGnAezN6lnJoskauoai0Jrs+XSyvDhppCPoKOA==

"@esbuild/openbsd-x64@0.16.17":
  version "0.16.17"
  resolved "https://registry.yarnpkg.com/@esbuild/openbsd-x64/-/openbsd-x64-0.16.17.tgz#970fa7f8470681f3e6b1db0cc421a4af8060ec35"
  integrity sha512-2yaWJhvxGEz2RiftSk0UObqJa/b+rIAjnODJgv2GbGGpRwAfpgzyrg1WLK8rqA24mfZa9GvpjLcBBg8JHkoodg==

"@esbuild/sunos-x64@0.16.17":
  version "0.16.17"
  resolved "https://registry.yarnpkg.com/@esbuild/sunos-x64/-/sunos-x64-0.16.17.tgz#abc60e7c4abf8b89fb7a4fe69a1484132238022c"
  integrity sha512-xtVUiev38tN0R3g8VhRfN7Zl42YCJvyBhRKw1RJjwE1d2emWTVToPLNEQj/5Qxc6lVFATDiy6LjVHYhIPrLxzw==

"@esbuild/win32-arm64@0.16.17":
  version "0.16.17"
  resolved "https://registry.yarnpkg.com/@esbuild/win32-arm64/-/win32-arm64-0.16.17.tgz#7b0ff9e8c3265537a7a7b1fd9a24e7bd39fcd87a"
  integrity sha512-ga8+JqBDHY4b6fQAmOgtJJue36scANy4l/rL97W+0wYmijhxKetzZdKOJI7olaBaMhWt8Pac2McJdZLxXWUEQw==

"@esbuild/win32-ia32@0.16.17":
  version "0.16.17"
  resolved "https://registry.yarnpkg.com/@esbuild/win32-ia32/-/win32-ia32-0.16.17.tgz#e90fe5267d71a7b7567afdc403dfd198c292eb09"
  integrity sha512-WnsKaf46uSSF/sZhwnqE4L/F89AYNMiD4YtEcYekBt9Q7nj0DiId2XH2Ng2PHM54qi5oPrQ8luuzGszqi/veig==

"@esbuild/win32-x64@0.16.17":
  version "0.16.17"
  resolved "https://registry.yarnpkg.com/@esbuild/win32-x64/-/win32-x64-0.16.17.tgz#c5a1a4bfe1b57f0c3e61b29883525c6da3e5c091"
  integrity sha512-y+EHuSchhL7FjHgvQL/0fnnFmO4T1bhvWANX6gcnqTjtnKWbTvUMCpGnv2+t+31d7RzyEAYAd4u2fnIhHL6N/Q==

"@pixi/accessibility@7.2.0-beta":
  version "7.2.0-beta"
  resolved "https://registry.yarnpkg.com/@pixi/accessibility/-/accessibility-7.2.0-beta.tgz#2e031dc634b067d7c2d0e320f05e4190c5ebf079"
  integrity sha512-4TA/erq1Rle7vWvLigW5nr2zkwgkuwF0ADDmTPoz0DlIZ8oR7Y6qaDw6epuo6rEfXhxsdLEVq39NW5NxWv5TEQ==

"@pixi/app@7.2.0-beta":
  version "7.2.0-beta"
  resolved "https://registry.yarnpkg.com/@pixi/app/-/app-7.2.0-beta.tgz#692bb6466c14290194f2bd626c442d1133de95c7"
  integrity sha512-VKwerIXrA48DHX+qoCRAvYKnBoYKWrkl+m0v3RAE8cEBxvGlQTbb31Zrnj5bEbQtw31f/v+X36ExCCIS3KOMfA==

"@pixi/assets@7.2.0-beta":
  version "7.2.0-beta"
  resolved "https://registry.yarnpkg.com/@pixi/assets/-/assets-7.2.0-beta.tgz#3d69fe4e01aae2cfca5202f8bda60a1d50322569"
  integrity sha512-FMLBZEyF4lDoib5XMzZo17ibchTPKI+SwfA14vTd5p0hMhes5TwyKjRmEUAWceaKIZmbFdqQtFkmABzjq3IpNA==
  dependencies:
    "@types/css-font-loading-module" "^0.0.7"

"@pixi/canvas-graphics@^7.2.0-beta":
  version "7.2.0-beta"
  resolved "https://registry.yarnpkg.com/@pixi/canvas-graphics/-/canvas-graphics-7.2.0-beta.tgz#be97d7b19508921a0ea67377e7430cf7830c3016"
  integrity sha512-ut0L1XRZO+pNmeHSmMbICC0a4zVITveP2jGXk9xKJbdm8uclLdONOC0XH+tMff8Tnr/VDBQqm8/dS8VHjECstQ==

"@pixi/canvas-renderer@^7.2.0-beta":
  version "7.2.0-beta"
  resolved "https://registry.yarnpkg.com/@pixi/canvas-renderer/-/canvas-renderer-7.2.0-beta.tgz#f30950d4f6b375f0203721e18601dc2f1819900d"
  integrity sha512-0XlTSBfoTZgvj581cNeyK5WGjdTpR2bLYiWUoUmR4Rz7haQ8rxL1y2dpJcA9+DEnoQbNllWfv2SJXB8AH7Wp8g==

"@pixi/color@7.2.0-beta":
  version "7.2.0-beta"
  resolved "https://registry.yarnpkg.com/@pixi/color/-/color-7.2.0-beta.tgz#4740910a8c3f874f1c5f34f9f3d41156e33e17a6"
  integrity sha512-l1cMKlyeB2PdBx/13lcI/RRBmizB8u76js3qXYdAT3oI/OXdxDGhO5XdGDZf+N0ZQWGCSb1+JgsPT+yJ73Z//g==
  dependencies:
    colord "^2.9.3"

"@pixi/compressed-textures@7.2.0-beta":
  version "7.2.0-beta"
  resolved "https://registry.yarnpkg.com/@pixi/compressed-textures/-/compressed-textures-7.2.0-beta.tgz#9d8ac06d6492b22225bea28f82181a89c5ce1385"
  integrity sha512-LlY3Z4XGoGmQ/UGZKyI8X0RMewA5WHdWk7m46bJmJjQ297tCDYWyvEbbCXdtiry+2AJgik5H8V0QnoP6vV4HGQ==

"@pixi/constants@7.2.0-beta":
  version "7.2.0-beta"
  resolved "https://registry.yarnpkg.com/@pixi/constants/-/constants-7.2.0-beta.tgz#4e93e15f26fa68a17e74da892d1c15108da64f72"
  integrity sha512-LBz+Q7frl9ugoY2awSjC+qoramF/OPY1xt+bBsqiBYipCkqFf+n/O9u9OJ36kWOwNbXYZucdKUpgNuVzAaNvUQ==

"@pixi/core@7.2.0-beta":
  version "7.2.0-beta"
  resolved "https://registry.yarnpkg.com/@pixi/core/-/core-7.2.0-beta.tgz#2db4023f1471f4932b39d1880801b36825b1b1b0"
  integrity sha512-8kB58v+cQ+4OKz7ZMH9coMklal+ydN7NrGDyINEVn6MrFeXo68Y0OaNJuggaqb9c1OXfvjQrPkn7ug84oHlKJg==
  dependencies:
    "@pixi/color" "7.2.0-beta"
    "@pixi/constants" "7.2.0-beta"
    "@pixi/extensions" "7.2.0-beta"
    "@pixi/math" "7.2.0-beta"
    "@pixi/runner" "7.2.0-beta"
    "@pixi/settings" "7.2.0-beta"
    "@pixi/ticker" "7.2.0-beta"
    "@pixi/utils" "7.2.0-beta"
    "@types/offscreencanvas" "^2019.6.4"

"@pixi/display@7.2.0-beta":
  version "7.2.0-beta"
  resolved "https://registry.yarnpkg.com/@pixi/display/-/display-7.2.0-beta.tgz#3752ce60f1b5aff8abb3572c8d5ef6649e76a9f4"
  integrity sha512-5ABs7XvfOGnUxzi4vFU5CieemfUW/lNY9B3Nn91Wtix2maCNNxyb9IB9wO30egb3lbqX6QskKe9hPh8OjU0qUQ==

"@pixi/events@7.2.0-beta":
  version "7.2.0-beta"
  resolved "https://registry.yarnpkg.com/@pixi/events/-/events-7.2.0-beta.tgz#d8946fc535e3d87115b46af2b62d1568762358b0"
  integrity sha512-RHgy7a+A8B0bxLCjwKCAcs9jYsRpyjVXfEYHhJmrwSyzaobs5jhldakX2wpelViS5oacTFqPV7Xuwv3F3d28mw==

"@pixi/extensions@7.2.0-beta":
  version "7.2.0-beta"
  resolved "https://registry.yarnpkg.com/@pixi/extensions/-/extensions-7.2.0-beta.tgz#38eddfb7bad0f486954fad6fbca510775298dc87"
  integrity sha512-eFtgIUFsYJFYXUT/qPSOyH0rCRwRwgpPvNvf36tJ0Ki1JJsLlHMmX6vIz8J/zKmfSTnp0mxymdDC+e58tuirEA==

"@pixi/extract@7.2.0-beta":
  version "7.2.0-beta"
  resolved "https://registry.yarnpkg.com/@pixi/extract/-/extract-7.2.0-beta.tgz#59e46a41361512c083bcb90892799d5e6314b11f"
  integrity sha512-aGMd7AFZnWEbpzxVB7QYK8JlENPyUiTJu0oemjY2Fmr8smitZvSwDLf/h6XxIV8b0bQtfXH4GreYHMB3w/kufg==

"@pixi/filter-alpha@7.2.0-beta":
  version "7.2.0-beta"
  resolved "https://registry.yarnpkg.com/@pixi/filter-alpha/-/filter-alpha-7.2.0-beta.tgz#d8a771254056759b6160467701fcfa50462de45c"
  integrity sha512-p6KpAMr2OICP2ucnntyxX8Teriwqgb8/Npm8m0wXDl2RbWxbF9xBMnIQ8y+aiT8bNQVcz+p4H8+0IDkBbyXn6A==

"@pixi/filter-blur@7.2.0-beta":
  version "7.2.0-beta"
  resolved "https://registry.yarnpkg.com/@pixi/filter-blur/-/filter-blur-7.2.0-beta.tgz#1aa0e64b91ce5317459ab1fc2614e2498cad66bd"
  integrity sha512-tMdwAJZoslXIyZZJAJl/VKONkdHI8eO81IYaWxZVCB5rLqssMnZrrEzecjGdmQ8J94xezD1jVlFlCItvsjohWA==

"@pixi/filter-color-matrix@7.2.0-beta":
  version "7.2.0-beta"
  resolved "https://registry.yarnpkg.com/@pixi/filter-color-matrix/-/filter-color-matrix-7.2.0-beta.tgz#9f7001fa746d38c8236d8ef413549bfe057efad1"
  integrity sha512-Y+dyzJFZyyBlmoUBpWBXi9aUMZjoyZKTAB0eJ09nxDvOmch//VaqqPLluRbq5IiBavJUdfTlxyDyVcqKpKxeGQ==

"@pixi/filter-displacement@7.2.0-beta":
  version "7.2.0-beta"
  resolved "https://registry.yarnpkg.com/@pixi/filter-displacement/-/filter-displacement-7.2.0-beta.tgz#c6c36ba2030361a641445ba1b5be23b0d4f062f5"
  integrity sha512-XlZWkMPEz0wq48mbNM5YwK/tuVfm1Zj6SEuyfaGe6aQiMKgBFErcOxHNipmBRJrQrEH0MV8kxJHKJAxx/gJ4MA==

"@pixi/filter-fxaa@7.2.0-beta":
  version "7.2.0-beta"
  resolved "https://registry.yarnpkg.com/@pixi/filter-fxaa/-/filter-fxaa-7.2.0-beta.tgz#5ba9a13246a374e5d8731b1a82bff0ce4feb7d94"
  integrity sha512-PGJGtmb6NlTjv8DydRkV0f2UHULupmHmDoesKaV00U03zcYV2vPVnLt6m8wuky/9QvyswKfQ9UHn+IM1+cuX/g==

"@pixi/filter-noise@7.2.0-beta":
  version "7.2.0-beta"
  resolved "https://registry.yarnpkg.com/@pixi/filter-noise/-/filter-noise-7.2.0-beta.tgz#1a50e03449e6cd7aa02a33b8d11db42cecdcbaa4"
  integrity sha512-gkuI0hczhBSuWLsza9KSpyso59aEPQvnmRNkQj65bkeRlq3/Xcli1n3VsOXYUSm4M7ABb8FS/e2MR/Zoscp7xg==

"@pixi/graphics@7.2.0-beta":
  version "7.2.0-beta"
  resolved "https://registry.yarnpkg.com/@pixi/graphics/-/graphics-7.2.0-beta.tgz#b866ec40f389835b2b101c4fc98dcd752a5ca503"
  integrity sha512-Tk6UFJZHs/zmN05Kr/Sfp7i4L1ARl3q0wWrTOHj9618vPOZfeS9Z3c+MIExx/k+ERKEjqSG7OOnds6iQ0jjeqg==

"@pixi/math@7.2.0-beta":
  version "7.2.0-beta"
  resolved "https://registry.yarnpkg.com/@pixi/math/-/math-7.2.0-beta.tgz#b5bdaa912c5af8a5e8fb134c7e57211888a75414"
  integrity sha512-jnu4FJIoHkuHbflkjZvrmEQ9GvdzOTMtMyaXzGPkJakEh4rLJLCfVms4dm4Ra0jNmZXkS/83+GbRkAVcdgORHw==

"@pixi/mesh-extras@7.2.0-beta":
  version "7.2.0-beta"
  resolved "https://registry.yarnpkg.com/@pixi/mesh-extras/-/mesh-extras-7.2.0-beta.tgz#43c84fd4ced569c1bf4fb1eb8713e6fa73a02f9d"
  integrity sha512-wq1E0rYxRmsdyLmkzXKQ8eUvdzmfNJRN56BKbeMGJ3rrEfCOS8WimlBY30Lq6GekqRAvm+qpjYLnFdHEZXG0NA==

"@pixi/mesh@7.2.0-beta":
  version "7.2.0-beta"
  resolved "https://registry.yarnpkg.com/@pixi/mesh/-/mesh-7.2.0-beta.tgz#61f174cb11da81f2d3d7211a094e5194035c8ed2"
  integrity sha512-q4OXhQBGCoFmMkMfwpcXOB6a1NvXlRss+cdehgBhdfuZciWkiPlonky/CEYXB+v6QWrkJYC6RJyN9zuCZJyI+g==

"@pixi/mixin-cache-as-bitmap@7.2.0-beta":
  version "7.2.0-beta"
  resolved "https://registry.yarnpkg.com/@pixi/mixin-cache-as-bitmap/-/mixin-cache-as-bitmap-7.2.0-beta.tgz#c7a5257e28c87b38dbcb3f9327e5242cb40be966"
  integrity sha512-0UndvAmlzxKjl7ZD5yLemPNfyT1lw8Nl46a/zRRkugEgKZpLHsd3FLi/lnP2H2Vqt6eGsZod84u7grNDk2PdMw==

"@pixi/mixin-get-child-by-name@7.2.0-beta":
  version "7.2.0-beta"
  resolved "https://registry.yarnpkg.com/@pixi/mixin-get-child-by-name/-/mixin-get-child-by-name-7.2.0-beta.tgz#8f6e6736fe4169ad4e6f5eff7ca25e52dc677528"
  integrity sha512-R/n2dMR2UtlRH/EbEH1YFnXYvs1VoYSqXlrdThg869FUgbBaXYy7YPplL3ouJChzioAvojB92TiXynW2QBwnlQ==

"@pixi/mixin-get-global-position@7.2.0-beta":
  version "7.2.0-beta"
  resolved "https://registry.yarnpkg.com/@pixi/mixin-get-global-position/-/mixin-get-global-position-7.2.0-beta.tgz#a381abcf6faffa83008c21e5d4f4a748aa2db15b"
  integrity sha512-jSLPgN39ZI9XHro+fxWl+oTnPLZ+kbCZotQXzIfofpqAiHFQoki3KCRy5rJ1R7Zf7PoglcHcUkqFYOr9NXdyrw==

"@pixi/particle-container@7.2.0-beta":
  version "7.2.0-beta"
  resolved "https://registry.yarnpkg.com/@pixi/particle-container/-/particle-container-7.2.0-beta.tgz#311b4be631ff081b4f49b9139ae4a659492dd8c2"
  integrity sha512-fYLJxso9Q27p/smWJgQI414o0JptEezW4c6eMy29BL4RLw4m+uxZcYLn3rt1M/Uz9aQ6f5WNFL+XlJ6CvG0rzw==

"@pixi/prepare@7.2.0-beta":
  version "7.2.0-beta"
  resolved "https://registry.yarnpkg.com/@pixi/prepare/-/prepare-7.2.0-beta.tgz#e74d4f44020e3e2d6c663d5cb48ed71acb688e14"
  integrity sha512-N6ZquTpiI5QoUS6KmgFwt8fQlDXZ5AtOm3Zzt7B1NYo+f3RasE+HniDUDTLHZZogO/5OvQO+noAh68k9FL/UKg==

"@pixi/runner@7.2.0-beta":
  version "7.2.0-beta"
  resolved "https://registry.yarnpkg.com/@pixi/runner/-/runner-7.2.0-beta.tgz#9d5925f1e6bb84b7205d2eb21bc0baccdf022bce"
  integrity sha512-nsm59OZ3HR3+PkNf8IL64SEV35uEPguIL5UxFkFu+rP9vL8TK0qH8dx2tJoPuMrFhCHTvGHl3w1onNsCs/lu1g==

"@pixi/settings@7.2.0-beta":
  version "7.2.0-beta"
  resolved "https://registry.yarnpkg.com/@pixi/settings/-/settings-7.2.0-beta.tgz#14304a00673f90ba3b1aa7b2f1e37b2dbe60bdbe"
  integrity sha512-xDJvWKZpgk0mNXVvbmUireAY9vJllobWuO0AeHssxUZOxpfk1cqeoqnkW0Di9Q/BpJJyWjEje5f/mebL/wCSGQ==
  dependencies:
    "@pixi/constants" "7.2.0-beta"
    "@types/css-font-loading-module" "^0.0.7"

"@pixi/sprite-animated@7.2.0-beta":
  version "7.2.0-beta"
  resolved "https://registry.yarnpkg.com/@pixi/sprite-animated/-/sprite-animated-7.2.0-beta.tgz#80ec3b4b1b76b4c5bc020659ee36a85568db6cd7"
  integrity sha512-o1JontkHz9E/wY5ShuFjaIyA3oQE34gtTgzeacj44/JjqsGQ+p0QQbEP92hQKKk0qUIXtlhINzfht9sLMaNP+A==

"@pixi/sprite-tiling@7.2.0-beta":
  version "7.2.0-beta"
  resolved "https://registry.yarnpkg.com/@pixi/sprite-tiling/-/sprite-tiling-7.2.0-beta.tgz#188e143d500267b9220b1c9c6c9a14b2571c9953"
  integrity sha512-k834V5mNM8ZOTm9Uz+kqEbFn5yzyPYlSTm3/DdP9QY5MfxFi/Ezhel1a7Srw/rzTLqEBpKWAD+f/qUyvyQ2d+Q==

"@pixi/sprite@7.2.0-beta":
  version "7.2.0-beta"
  resolved "https://registry.yarnpkg.com/@pixi/sprite/-/sprite-7.2.0-beta.tgz#9edfe3bcff5d0b02e9d79004a937d70e31130c4e"
  integrity sha512-K598HQvCBXM7cwK1ZlJtoQMvfPeLQ2efrvaESM8SODGVK//oiDcILwAJfLw2vyfw+Uc8waatc+ejjRqDLldZFg==

"@pixi/spritesheet@7.2.0-beta":
  version "7.2.0-beta"
  resolved "https://registry.yarnpkg.com/@pixi/spritesheet/-/spritesheet-7.2.0-beta.tgz#2a43831bdb341bc0a7ddab29721671822393955c"
  integrity sha512-KRDwmgzNBjKu9pUbj3fqp9nE2wE8PYWXVR0ZXlytO3LyUE137XrO6X9gEo5RVBs4APSisY41TqMYyFucjtkn9Q==

"@pixi/text-bitmap@7.2.0-beta":
  version "7.2.0-beta"
  resolved "https://registry.yarnpkg.com/@pixi/text-bitmap/-/text-bitmap-7.2.0-beta.tgz#fe262ff6fbf7a9f7bd820da22e8dec1775a11f72"
  integrity sha512-MlFz9TdB+Gw2Wrp+0SiHfZGEXvh/xGXj7WeBtK0p/YHIgBoLxuOnP4zHyTpdBMZQRwFjvFJYa5Km0SiytfTXEw==

"@pixi/text-html@7.2.0-beta":
  version "7.2.0-beta"
  resolved "https://registry.yarnpkg.com/@pixi/text-html/-/text-html-7.2.0-beta.tgz#230b4ea60ddbbb5f41c4070debb6423782cb0d23"
  integrity sha512-M3i+PhGHRkNKoO44Y5BtXIi/UnWmDNlZvhNHAeLzILFz6SVN2ytXN3uJGz5GmUL2xheGHCQ+9YG5D0TOcSVQmA==

"@pixi/text@7.2.0-beta":
  version "7.2.0-beta"
  resolved "https://registry.yarnpkg.com/@pixi/text/-/text-7.2.0-beta.tgz#3247b22545daf5407c009e977f626d5f46bab30c"
  integrity sha512-j3cCUyIhvsJXBpf26i/5a2XFW/LQP/JmMnesLpe3BG8AcU1NAjjtsEluiRjcdNGlpB2QyZ7gStKB/SssSAUXvA==

"@pixi/ticker@7.2.0-beta":
  version "7.2.0-beta"
  resolved "https://registry.yarnpkg.com/@pixi/ticker/-/ticker-7.2.0-beta.tgz#5a2e896d5fd61953ce2626c5e21b2436b8c27e12"
  integrity sha512-zS0CtXA5ZNwrltO8SLXYB+mU7ME9O99BsD85sa2jwC+hUBTqbdncL+NRnGc2arot7tIrgsWYhRAJ0ls3RIVUHQ==
  dependencies:
    "@pixi/extensions" "7.2.0-beta"
    "@pixi/settings" "7.2.0-beta"
    "@pixi/utils" "7.2.0-beta"

"@pixi/utils@7.2.0-beta":
  version "7.2.0-beta"
  resolved "https://registry.yarnpkg.com/@pixi/utils/-/utils-7.2.0-beta.tgz#1707305373eccd5b03f0351648c7a67ee715ca4e"
  integrity sha512-jfghSNBoy1wpDpNrvXjP7HYusHINH0QdObP2N4o48lcjPo5rViNpw6Ic9ht+saIS7iYG1TiqSdrgT6SvYIVzjg==
  dependencies:
    "@pixi/color" "7.2.0-beta"
    "@pixi/constants" "7.2.0-beta"
    "@pixi/settings" "7.2.0-beta"
    "@types/earcut" "^2.1.0"
    earcut "^2.2.4"
    eventemitter3 "^4.0.0"
    url "^0.11.0"

"@types/css-font-loading-module@^0.0.7":
  version "0.0.7"
  resolved "https://registry.yarnpkg.com/@types/css-font-loading-module/-/css-font-loading-module-0.0.7.tgz#2f98ede46acc0975de85c0b7b0ebe06041d24601"
  integrity sha512-nl09VhutdjINdWyXxHWN/w9zlNCfr60JUqJbd24YXUuCwgeL0TpFSdElCwb6cxfB6ybE19Gjj4g0jsgkXxKv1Q==

"@types/earcut@^2.1.0":
  version "2.1.1"
  resolved "https://registry.yarnpkg.com/@types/earcut/-/earcut-2.1.1.tgz#573a0af609f17005c751f6f4ffec49cfe358ea51"
  integrity sha512-w8oigUCDjElRHRRrMvn/spybSMyX8MTkKA5Dv+tS1IE/TgmNZPqUYtvYBXGY8cieSE66gm+szeK+bnbxC2xHTQ==

"@types/offscreencanvas@^2019.6.4":
  version "2019.7.0"
  resolved "https://registry.yarnpkg.com/@types/offscreencanvas/-/offscreencanvas-2019.7.0.tgz#e4a932069db47bb3eabeb0b305502d01586fa90d"
  integrity sha512-PGcyveRIpL1XIqK8eBsmRBt76eFgtzuPiSTyKHZxnGemp2yzGzWpjYKAfK3wIMiU7eH+851yEpiuP8JZerTmWg==

colord@^2.9.3:
  version "2.9.3"
  resolved "https://registry.yarnpkg.com/colord/-/colord-2.9.3.tgz#4f8ce919de456f1d5c1c368c307fe20f3e59fb43"
  integrity sha512-jeC1axXpnb0/2nn/Y1LPuLdgXBLH7aDcHu4KEKfqw3CUhX7ZpfBSlPKyqXE6btIgEzfWtrX3/tyBCaCvXvMkOw==

earcut@^2.2.4:
  version "2.2.4"
  resolved "https://registry.yarnpkg.com/earcut/-/earcut-2.2.4.tgz#6d02fd4d68160c114825d06890a92ecaae60343a"
  integrity sha512-/pjZsA1b4RPHbeWZQn66SWS8nZZWLQQ23oE3Eam7aroEFGEvwKAsJfZ9ytiEMycfzXWpca4FA9QIOehf7PocBQ==

esbuild@^0.16.14:
  version "0.16.17"
  resolved "https://registry.yarnpkg.com/esbuild/-/esbuild-0.16.17.tgz#fc2c3914c57ee750635fee71b89f615f25065259"
  integrity sha512-G8LEkV0XzDMNwXKgM0Jwu3nY3lSTwSGY6XbxM9cr9+s0T/qSV1q1JVPBGzm3dcjhCic9+emZDmMffkwgPeOeLg==
  optionalDependencies:
    "@esbuild/android-arm" "0.16.17"
    "@esbuild/android-arm64" "0.16.17"
    "@esbuild/android-x64" "0.16.17"
    "@esbuild/darwin-arm64" "0.16.17"
    "@esbuild/darwin-x64" "0.16.17"
    "@esbuild/freebsd-arm64" "0.16.17"
    "@esbuild/freebsd-x64" "0.16.17"
    "@esbuild/linux-arm" "0.16.17"
    "@esbuild/linux-arm64" "0.16.17"
    "@esbuild/linux-ia32" "0.16.17"
    "@esbuild/linux-loong64" "0.16.17"
    "@esbuild/linux-mips64el" "0.16.17"
    "@esbuild/linux-ppc64" "0.16.17"
    "@esbuild/linux-riscv64" "0.16.17"
    "@esbuild/linux-s390x" "0.16.17"
    "@esbuild/linux-x64" "0.16.17"
    "@esbuild/netbsd-x64" "0.16.17"
    "@esbuild/openbsd-x64" "0.16.17"
    "@esbuild/sunos-x64" "0.16.17"
    "@esbuild/win32-arm64" "0.16.17"
    "@esbuild/win32-ia32" "0.16.17"
    "@esbuild/win32-x64" "0.16.17"

eventemitter3@^4.0.0:
  version "4.0.7"
  resolved "https://registry.yarnpkg.com/eventemitter3/-/eventemitter3-4.0.7.tgz#2de9b68f6528d5644ef5c59526a1b4a07306169f"
  integrity sha512-8guHBZCwKnFhYdHr2ysuRWErTwhoN2X8XELRlrRwpmfeY2jjuUN4taQMsULKUVo1K4DvZl+0pgfyoysHxvmvEw==

fsevents@~2.3.2:
  version "2.3.2"
  resolved "https://registry.yarnpkg.com/fsevents/-/fsevents-2.3.2.tgz#8a526f78b8fdf4623b709e0b975c52c24c02fd1a"
  integrity sha512-xiqMQR4xAeHTuB9uWm+fFRcIOgKBMiOBP+eXiyT7jsgVCq1bkVygt00oASowB7EdtpOHaaPgKt812P9ab+DDKA==

function-bind@^1.1.1:
  version "1.1.1"
  resolved "https://registry.yarnpkg.com/function-bind/-/function-bind-1.1.1.tgz#a56899d3ea3c9bab874bb9773b7c5ede92f4895d"
  integrity sha512-yIovAzMX49sF8Yl58fSCWJ5svSLuaibPxXQJFLmBObTuCr0Mf1KiPopGM9NiFjiYBCbfaa2Fh6breQ6ANVTI0A==

has@^1.0.3:
  version "1.0.3"
  resolved "https://registry.yarnpkg.com/has/-/has-1.0.3.tgz#722d7cbfc1f6aa8241f16dd814e011e1f41e8796"
  integrity sha512-f2dvO0VU6Oej7RkWJGrehjbzMAjFp5/VKPp5tTpWIV4JHHZK1/BxbFRtf/siA2SWTe09caDmVtYYzWEIbBS4zw==
  dependencies:
    function-bind "^1.1.1"

is-core-module@^2.9.0:
  version "2.11.0"
  resolved "https://registry.yarnpkg.com/is-core-module/-/is-core-module-2.11.0.tgz#ad4cb3e3863e814523c96f3f58d26cc570ff0144"
  integrity sha512-RRjxlvLDkD1YJwDbroBHMb+cukurkDWNyHx7D3oNB5x9rb5ogcksMC5wHCadcXoo67gVr/+3GFySh3134zi6rw==
  dependencies:
    has "^1.0.3"

nanoid@^3.3.4:
  version "3.3.4"
  resolved "https://registry.yarnpkg.com/nanoid/-/nanoid-3.3.4.tgz#730b67e3cd09e2deacf03c027c81c9d9dbc5e8ab"
  integrity sha512-MqBkQh/OHTS2egovRtLk45wEyNXwF+cokD+1YPf9u5VfJiRdAiRwB2froX5Co9Rh20xs4siNPm8naNotSD6RBw==

path-parse@^1.0.7:
  version "1.0.7"
  resolved "https://registry.yarnpkg.com/path-parse/-/path-parse-1.0.7.tgz#fbc114b60ca42b30d9daf5858e4bd68bbedb6735"
  integrity sha512-LDJzPVEEEPR+y48z93A0Ed0yXb8pAByGWo/k5YYdYgpY2/2EsOsksJrq7lOHxryrVOn1ejG6oAp8ahvOIQD8sw==

picocolors@^1.0.0:
  version "1.0.0"
  resolved "https://registry.yarnpkg.com/picocolors/-/picocolors-1.0.0.tgz#cb5bdc74ff3f51892236eaf79d68bc44564ab81c"
  integrity sha512-1fygroTLlHu66zi26VoTDv8yRgm0Fccecssto+MhsZ0D/DGW2sm8E8AjW7NU5VVTRt5GxbeZ5qBuJr+HyLYkjQ==

pixi.js@^7.2.0-beta:
  version "7.2.0-beta"
  resolved "https://registry.yarnpkg.com/pixi.js/-/pixi.js-7.2.0-beta.tgz#1c65cb7fcbda51dd3701692ce210ee66f585679a"
  integrity sha512-WBeggR5mI538eNHLiqIbImitNmecRGjtLtZ2LziJJs9fD7lHJVXn8dCJqhdSLdooldK03qX1uS33EZddNd9bZA==
  dependencies:
    "@pixi/accessibility" "7.2.0-beta"
    "@pixi/app" "7.2.0-beta"
    "@pixi/assets" "7.2.0-beta"
    "@pixi/compressed-textures" "7.2.0-beta"
    "@pixi/core" "7.2.0-beta"
    "@pixi/display" "7.2.0-beta"
    "@pixi/events" "7.2.0-beta"
    "@pixi/extensions" "7.2.0-beta"
    "@pixi/extract" "7.2.0-beta"
    "@pixi/filter-alpha" "7.2.0-beta"
    "@pixi/filter-blur" "7.2.0-beta"
    "@pixi/filter-color-matrix" "7.2.0-beta"
    "@pixi/filter-displacement" "7.2.0-beta"
    "@pixi/filter-fxaa" "7.2.0-beta"
    "@pixi/filter-noise" "7.2.0-beta"
    "@pixi/graphics" "7.2.0-beta"
    "@pixi/mesh" "7.2.0-beta"
    "@pixi/mesh-extras" "7.2.0-beta"
    "@pixi/mixin-cache-as-bitmap" "7.2.0-beta"
    "@pixi/mixin-get-child-by-name" "7.2.0-beta"
    "@pixi/mixin-get-global-position" "7.2.0-beta"
    "@pixi/particle-container" "7.2.0-beta"
    "@pixi/prepare" "7.2.0-beta"
    "@pixi/sprite" "7.2.0-beta"
    "@pixi/sprite-animated" "7.2.0-beta"
    "@pixi/sprite-tiling" "7.2.0-beta"
    "@pixi/spritesheet" "7.2.0-beta"
    "@pixi/text" "7.2.0-beta"
    "@pixi/text-bitmap" "7.2.0-beta"
    "@pixi/text-html" "7.2.0-beta"

postcss@^8.4.21:
  version "8.4.21"
  resolved "https://registry.yarnpkg.com/postcss/-/postcss-8.4.21.tgz#c639b719a57efc3187b13a1d765675485f4134f4"
  integrity sha512-tP7u/Sn/dVxK2NnruI4H9BG+x+Wxz6oeZ1cJ8P6G/PZY0IKk4k/63TDsQf2kQq3+qoJeLm2kIBUNlZe3zgb4Zg==
  dependencies:
    nanoid "^3.3.4"
    picocolors "^1.0.0"
    source-map-js "^1.0.2"

punycode@1.3.2:
  version "1.3.2"
  resolved "https://registry.yarnpkg.com/punycode/-/punycode-1.3.2.tgz#9653a036fb7c1ee42342f2325cceefea3926c48d"
  integrity sha512-RofWgt/7fL5wP1Y7fxE7/EmTLzQVnB0ycyibJ0OOHIlJqTNzglYFxVwETOcIoJqJmpDXJ9xImDv+Fq34F/d4Dw==

querystring@0.2.0:
  version "0.2.0"
  resolved "https://registry.yarnpkg.com/querystring/-/querystring-0.2.0.tgz#b209849203bb25df820da756e747005878521620"
  integrity sha512-X/xY82scca2tau62i9mDyU9K+I+djTMUsvwf7xnUX5GLvVzgJybOJf4Y6o9Zx3oJK/LSXg5tTZBjwzqVPaPO2g==

resolve@^1.22.1:
  version "1.22.1"
  resolved "https://registry.yarnpkg.com/resolve/-/resolve-1.22.1.tgz#27cb2ebb53f91abb49470a928bba7558066ac177"
  integrity sha512-nBpuuYuY5jFsli/JIs1oldw6fOQCBioohqWZg/2hiaOybXOft4lonv85uDOKXdf8rhyK159cxU5cDcK/NKk8zw==
  dependencies:
    is-core-module "^2.9.0"
    path-parse "^1.0.7"
    supports-preserve-symlinks-flag "^1.0.0"

rollup@^3.10.0:
  version "3.17.1"
  resolved "https://registry.yarnpkg.com/rollup/-/rollup-3.17.1.tgz#4be78852c2689d8ce5a21efbc2a45879bac75362"
  integrity sha512-8RnSms6rNqHmZK+wiqgnPCqen+rRnUHXkciGDirh7B00g1rX1vpKbPDhuxCvAG2bburoI+W4Q9/PlUB/zYkiYA==
  optionalDependencies:
    fsevents "~2.3.2"

source-map-js@^1.0.2:
  version "1.0.2"
  resolved "https://registry.yarnpkg.com/source-map-js/-/source-map-js-1.0.2.tgz#adbc361d9c62df380125e7f161f71c826f1e490c"
  integrity sha512-R0XvVJ9WusLiqTCEiGCmICCMplcCkIwwR11mOSD9CR5u+IXYdiseeEuXCVAjS54zqwkLcPNnmU4OeJ6tUrWhDw==

supports-preserve-symlinks-flag@^1.0.0:
  version "1.0.0"
  resolved "https://registry.yarnpkg.com/supports-preserve-symlinks-flag/-/supports-preserve-symlinks-flag-1.0.0.tgz#6eda4bd344a3c94aea376d4cc31bc77311039e09"
  integrity sha512-ot0WnXS9fgdkgIcePe6RHNk1WA8+muPa6cSjeR3V8K27q9BB1rTE3R1p7Hv0z1ZyAc8s6Vvv8DIyWf681MAt0w==

typescript@^4.9.3:
  version "4.9.5"
  resolved "https://registry.yarnpkg.com/typescript/-/typescript-4.9.5.tgz#095979f9bcc0d09da324d58d03ce8f8374cbe65a"
  integrity sha512-1FXk9E2Hm+QzZQ7z+McJiHL4NW1F2EzMu9Nq9i3zAaGqibafqYwCVU6WyWAuyQRRzOlxou8xZSyXLEN8oKj24g==

url@^0.11.0:
  version "0.11.0"
  resolved "https://registry.yarnpkg.com/url/-/url-0.11.0.tgz#3838e97cfc60521eb73c525a8e55bfdd9e2e28f1"
  integrity sha512-kbailJa29QrtXnxgq+DdCEGlbTeYM2eJUxsz6vjZavrCYPMIFHMKQmSKYAIuUK2i7hgPm28a8piX5NTUtM/LKQ==
  dependencies:
    punycode "1.3.2"
    querystring "0.2.0"

vite@^4.1.0:
  version "4.1.2"
  resolved "https://registry.yarnpkg.com/vite/-/vite-4.1.2.tgz#6908882984e490c44c28e784a2c52de556f04b41"
  integrity sha512-MWDb9Rfy3DI8omDQySbMK93nQqStwbsQWejXRY2EBzEWKmLAXWb1mkI9Yw2IJrc+oCvPCI1Os5xSSIBYY6DEAw==
  dependencies:
    esbuild "^0.16.14"
    postcss "^8.4.21"
    resolve "^1.22.1"
    rollup "^3.10.0"
  optionalDependencies:
    fsevents "~2.3.2"
